github.com/BurntSushi/toml v0.3.1 h1:WXkYYl6Yr3qBf1K79EBnL4mak0OimBfB0XUf9Vl28OQ=
github.com/BurntSushi/toml v0.3.1/go.mod h1:xHWCNGjB5oqiDr8zfno3MHue2Ht5sIBksp03qcyfWMU=
github.com/evanw/esbuild v0.7.9 h1:jXSoYpNpGkOK1VNx3tvd/KnbVbn5ULRYzvkumXaSkxo=
github.com/evanw/esbuild v0.7.9/go.mod h1:mptxmSXIzBIKKCe4jo9A5SToEd1G+AKZ9JmY85dYRJ0=
github.com/hashicorp/go-cleanhttp v0.5.0 h1:wvCrVc9TjDls6+YGAF2hAifE1E5U1+b4tH6KdvN3Gig=
github.com/hashicorp/go-cleanhttp v0.5.0/go.mod h1:JpRdi6/HCYpAwUzNwuwqhbovhLtngrth3wmdIIUrZ80=
github.com/hashicorp/go-cleanhttp v0.5.1 h1:dH3aiDG9Jvb5r5+bYHsikaOUIpcM0xvgMXVoDkXMzJM=
github.com/hashicorp/go-cleanhttp v0.5.1/go.mod h1:JpRdi6/HCYpAwUzNwuwqhbovhLtngrth3wmdIIUrZ80=
github.com/kylelemons/godebug v1.1.0/go.mod h1:9/0rRGxNHcop5bhtWyNeEfOS8JIWk580+fNqagV/RAw=
github.com/mitchellh/go-spdx v0.1.0 h1:50JnVzkL3kWreQ5Qb4Pi3Qx9e+bbYrt8QglJDpfeBEs=
github.com/mitchellh/go-spdx v0.1.0/go.mod h1:FFi4Cg1fBuN/JCtPtP8PEDmcBjvO3gijQVl28YjIBVQ=
github.com/philopon/go-toposort v0.0.0-20170620085441-9be86dbd762f h1:WyCn68lTiytVSkk7W1K9nBiSGTSRlUOdyTnSjwrIlok=
github.com/philopon/go-toposort v0.0.0-20170620085441-9be86dbd762f/go.mod h1:/iRjX3DdSK956SzsUdV55J+wIsQ+2IBWmBrB4RvZfk4=
github.com/pkg/errors v0.9.1 h1:FEBLx1zS214owpjy7qsBeixbURkuhQAwrK5UwLGTwt4=
github.com/pkg/errors v0.9.1/go.mod h1:bwawxfHBFNV+L2hUp1rHADufV3IMtnDRdf1r5NINEl0=
github.com/stevenle/topsort v0.0.0-20130922064739-8130c1d7596b h1:wJSBFlabo96ySlmSX0a02WAPyGxagzTo9c5sk3sHP3E=
github.com/stevenle/topsort v0.0.0-20130922064739-8130c1d7596b/go.mod h1:YIyOMT17IKD8FbLO8RfCJZd2qAZiOnIfuYePIeESwWc=
golang.org/x/sys v0.0.0-20200501145240-bc7a7d42d5c3 h1:5B6i6EAiSYyejWfvc5Rc9BbI3rzIsrrXfAQBWnYfn+w=
golang.org/x/sys v0.0.0-20200501145240-bc7a7d42d5c3/go.mod h1:h1NjWce9XRLGQEsW7wpKNCjG9DtNlClVuFLEZdDNbEs=
golang.org/x/sys v0.0.0-20201005172224-997123666555 h1:fihtqzYxy4E31W1yUlyRGveTZT1JIP0bmKaDZ2ceKAw=
golang.org/x/sys v0.0.0-20201005172224-997123666555/go.mod h1:h1NjWce9XRLGQEsW7wpKNCjG9DtNlClVuFLEZdDNbEs=
